
Microsoft Visual Studio Solution File, Format Version 12.00
# Visual Studio Version 17
VisualStudioVersion = 17.7.34221.43
MinimumVisualStudioVersion = 10.0.40219.1
Project("{2150E333-8FDC-42A3-9474-1A3956D46DE8}") = "APIGateway", "APIGateway", "{932AC534-7362-4881-889F-F253DF14D5E4}"
EndProject
Project("{2150E333-8FDC-42A3-9474-1A3956D46DE8}") = "Hub", "Hub", "{7C88B8B2-EAA2-474B-9FEC-A08B092104CF}"
EndProject
Project("{2150E333-8FDC-42A3-9474-1A3956D46DE8}") = "Passport", "Passport", "{BD46074E-1008-4760-AD03-A71E69FAF3A0}"
EndProject
Project("{9A19103F-16F7-4668-BE54-9A1E7A4F7556}") = "Passport.Domain", "Passport\Domain\Passport.Domain.csproj", "{5BEF735E-B578-47CC-AD2C-AF8F11751223}"
EndProject
Project("{9A19103F-16F7-4668-BE54-9A1E7A4F7556}") = "Passport.Infrastructure", "Passport\Infrastructure\Passport.Infrastructure.csproj", "{D281541C-261E-4173-802B-1B34553664C3}"
EndProject
Project("{9A19103F-16F7-4668-BE54-9A1E7A4F7556}") = "Passport.Application", "Passport\Application\Passport.Application.csproj", "{05A63005-841C-45B5-AA6C-3DE9D99F7C86}"
EndProject
Project("{9A19103F-16F7-4668-BE54-9A1E7A4F7556}") = "Hub.WebApi", "Hub\WebApi\Hub.WebApi.csproj", "{9C5D5408-B7A1-4508-BDBE-7BC1B1AC89E4}"
EndProject
Project("{9A19103F-16F7-4668-BE54-9A1E7A4F7556}") = "ApiGateway.WebApi", "ApiGateway\WebApi\ApiGateway.WebApi.csproj", "{6D36DB13-51A8-4E40-BE32-97A3403D3F31}"
EndProject
Project("{FAE04EC0-301F-11D3-BF4B-00C04F79EFBC}") = "Passport.WebApi2", "Passport.WebApi2\Passport.WebApi2.csproj", "{4E16D47F-0E33-480E-B062-C955DDFE9BEE}"
EndProject
Global
	GlobalSection(SolutionConfigurationPlatforms) = preSolution
		Debug|Any CPU = Debug|Any CPU
		Release|Any CPU = Release|Any CPU
	EndGlobalSection
	GlobalSection(ProjectConfigurationPlatforms) = postSolution
		{5BEF735E-B578-47CC-AD2C-AF8F11751223}.Debug|Any CPU.ActiveCfg = Debug|Any CPU
		{5BEF735E-B578-47CC-AD2C-AF8F11751223}.Debug|Any CPU.Build.0 = Debug|Any CPU
		{5BEF735E-B578-47CC-AD2C-AF8F11751223}.Release|Any CPU.ActiveCfg = Release|Any CPU
		{5BEF735E-B578-47CC-AD2C-AF8F11751223}.Release|Any CPU.Build.0 = Release|Any CPU
		{D281541C-261E-4173-802B-1B34553664C3}.Debug|Any CPU.ActiveCfg = Debug|Any CPU
		{D281541C-261E-4173-802B-1B34553664C3}.Debug|Any CPU.Build.0 = Debug|Any CPU
		{D281541C-261E-4173-802B-1B34553664C3}.Release|Any CPU.ActiveCfg = Release|Any CPU
		{D281541C-261E-4173-802B-1B34553664C3}.Release|Any CPU.Build.0 = Release|Any CPU
		{05A63005-841C-45B5-AA6C-3DE9D99F7C86}.Debug|Any CPU.ActiveCfg = Debug|Any CPU
		{05A63005-841C-45B5-AA6C-3DE9D99F7C86}.Debug|Any CPU.Build.0 = Debug|Any CPU
		{05A63005-841C-45B5-AA6C-3DE9D99F7C86}.Release|Any CPU.ActiveCfg = Release|Any CPU
		{05A63005-841C-45B5-AA6C-3DE9D99F7C86}.Release|Any CPU.Build.0 = Release|Any CPU
		{9C5D5408-B7A1-4508-BDBE-7BC1B1AC89E4}.Debug|Any CPU.ActiveCfg = Debug|Any CPU
		{9C5D5408-B7A1-4508-BDBE-7BC1B1AC89E4}.Debug|Any CPU.Build.0 = Debug|Any CPU
		{9C5D5408-B7A1-4508-BDBE-7BC1B1AC89E4}.Release|Any CPU.ActiveCfg = Release|Any CPU
		{9C5D5408-B7A1-4508-BDBE-7BC1B1AC89E4}.Release|Any CPU.Build.0 = Release|Any CPU
		{6D36DB13-51A8-4E40-BE32-97A3403D3F31}.Debug|Any CPU.ActiveCfg = Debug|Any CPU
		{6D36DB13-51A8-4E40-BE32-97A3403D3F31}.Debug|Any CPU.Build.0 = Debug|Any CPU
		{6D36DB13-51A8-4E40-BE32-97A3403D3F31}.Release|Any CPU.ActiveCfg = Release|Any CPU
		{6D36DB13-51A8-4E40-BE32-97A3403D3F31}.Release|Any CPU.Build.0 = Release|Any CPU
		{4E16D47F-0E33-480E-B062-C955DDFE9BEE}.Debug|Any CPU.ActiveCfg = Debug|Any CPU
		{4E16D47F-0E33-480E-B062-C955DDFE9BEE}.Debug|Any CPU.Build.0 = Debug|Any CPU
		{4E16D47F-0E33-480E-B062-C955DDFE9BEE}.Release|Any CPU.ActiveCfg = Release|Any CPU
		{4E16D47F-0E33-480E-B062-C955DDFE9BEE}.Release|Any CPU.Build.0 = Release|Any CPU
	EndGlobalSection
	GlobalSection(SolutionProperties) = preSolution
		HideSolutionNode = FALSE
	EndGlobalSection
	GlobalSection(NestedProjects) = preSolution
		{5BEF735E-B578-47CC-AD2C-AF8F11751223} = {BD46074E-1008-4760-AD03-A71E69FAF3A0}
		{D281541C-261E-4173-802B-1B34553664C3} = {BD46074E-1008-4760-AD03-A71E69FAF3A0}
		{05A63005-841C-45B5-AA6C-3DE9D99F7C86} = {BD46074E-1008-4760-AD03-A71E69FAF3A0}
		{9C5D5408-B7A1-4508-BDBE-7BC1B1AC89E4} = {7C88B8B2-EAA2-474B-9FEC-A08B092104CF}
		{6D36DB13-51A8-4E40-BE32-97A3403D3F31} = {932AC534-7362-4881-889F-F253DF14D5E4}
		{4E16D47F-0E33-480E-B062-C955DDFE9BEE} = {BD46074E-1008-4760-AD03-A71E69FAF3A0}
	EndGlobalSection
	GlobalSection(ExtensibilityGlobals) = postSolution
		SolutionGuid = {F1AC214C-52DD-47E3-A447-C93EA4C7A54F}
	EndGlobalSection
EndGlobal
