
Microsoft Visual Studio Solution File, Format Version 12.00
# Visual Studio Version 17
VisualStudioVersion = 17.7.34221.43
MinimumVisualStudioVersion = 10.0.40219.1
Project("{2150E333-8FDC-42A3-9474-1A3956D46DE8}") = "APIGateway", "APIGateway", "{932AC534-7362-4881-889F-F253DF14D5E4}"
EndProject
Project("{2150E333-8FDC-42A3-9474-1A3956D46DE8}") = "Hub", "Hub", "{7C88B8B2-EAA2-474B-9FEC-A08B092104CF}"
EndProject
Project("{2150E333-8FDC-42A3-9474-1A3956D46DE8}") = "Passport", "Passport", "{BD46074E-1008-4760-AD03-A71E69FAF3A0}"
EndProject
Project("{9A19103F-16F7-4668-BE54-9A1E7A4F7556}") = "Passport.Domain", "Passport\Domain\Passport.Domain.csproj", "{5BEF735E-B578-47CC-AD2C-AF8F11751223}"
EndProject
Project("{9A19103F-16F7-4668-BE54-9A1E7A4F7556}") = "Passport.Infrastructure", "Passport\Infrastructure\Passport.Infrastructure.csproj", "{D281541C-261E-4173-802B-1B34553664C3}"
EndProject
Project("{9A19103F-16F7-4668-BE54-9A1E7A4F7556}") = "Passport.Application", "Passport\Application\Passport.Application.csproj", "{05A63005-841C-45B5-AA6C-3DE9D99F7C86}"
EndProject
Project("{9A19103F-16F7-4668-BE54-9A1E7A4F7556}") = "Passport.WebApi", "Passport\WebApi\Passport.WebApi.csproj", "{009BAFD1-A319-4946-9BF9-53021B9D39A9}"
EndProject
Project("{9A19103F-16F7-4668-BE54-9A1E7A4F7556}") = "Hub.WebApi", "Hub\WebApi\Hub.WebApi.csproj", "{9C5D5408-B7A1-4508-BDBE-7BC1B1AC89E4}"
EndProject
Project("{9A19103F-16F7-4668-BE54-9A1E7A4F7556}") = "ApiGateway.WebApi", "ApiGateway\WebApi\ApiGateway.WebApi.csproj", "{6D36DB13-51A8-4E40-BE32-97A3403D3F31}"
EndProject
Project("{2150E333-8FDC-42A3-9474-1A3956D46DE8}") = "Wallet", "Wallet", "{06BFD3B8-A6C5-4F42-B087-3AEE7685D409}"
EndProject
Project("{9A19103F-16F7-4668-BE54-9A1E7A4F7556}") = "Wallet.WebApi", "Wallet\WebApi\Wallet.WebApi.csproj", "{A0590AE0-A2F4-45F1-94B9-31C45311372E}"
EndProject
Project("{9A19103F-16F7-4668-BE54-9A1E7A4F7556}") = "Wallet.Application", "Wallet\Application\Wallet.Application.csproj", "{F29D8F40-528D-462E-A3FA-08491E721D04}"
EndProject
Project("{9A19103F-16F7-4668-BE54-9A1E7A4F7556}") = "Wallet.Infrastructure", "Wallet\Infrastructure\SteamInventory.Infrastructure\Wallet.Infrastructure.csproj", "{F681262F-5BF7-4089-BF8F-3BDA33CEFDCA}"
EndProject
Project("{9A19103F-16F7-4668-BE54-9A1E7A4F7556}") = "Wallet.Domain", "Wallet\Domain\SteamInventory.Domain\Wallet.Domain.csproj", "{F8F0DF85-D92B-49CE-BA96-3BC0F742D849}"
EndProject
Project("{9A19103F-16F7-4668-BE54-9A1E7A4F7556}") = "Casino.SharedLibrary", "Casino.SharedLibrary\Casino.SharedLibrary.csproj", "{B33486D8-8FF5-421E-A350-3D7CB0E005EB}"
EndProject
Project("{2150E333-8FDC-42A3-9474-1A3956D46DE8}") = "Transactions", "Transactions", "{639948F3-E54D-4303-BFEF-98A810B6FF2E}"
EndProject
Project("{FAE04EC0-301F-11D3-BF4B-00C04F79EFBC}") = "Transactions.Application", "Transactions\Transactions.Application\Transactions.Application.csproj", "{58BF937E-F31F-4C93-813D-CB5AB0C62E11}"
EndProject
Project("{FAE04EC0-301F-11D3-BF4B-00C04F79EFBC}") = "Transactions.Domain", "Transactions\Transactions.Domain\Transactions.Domain.csproj", "{D5D7C0AE-AEC8-4B3F-A9C6-6707DDB6B234}"
EndProject
Project("{FAE04EC0-301F-11D3-BF4B-00C04F79EFBC}") = "Transactions.Infrastructure", "Transactions\Transactions.Infrastructure\Transactions.Infrastructure.csproj", "{A5E27369-F3F8-4DA5-B010-172648A6ACD0}"
EndProject
Project("{FAE04EC0-301F-11D3-BF4B-00C04F79EFBC}") = "Transactions.WebApi", "Transactions\Transactions.WebApi\Transactions.WebApi.csproj", "{4474D4E4-B58F-4E1C-BA13-1332F3D78749}"
EndProject
Global
	GlobalSection(SolutionConfigurationPlatforms) = preSolution
		Debug|Any CPU = Debug|Any CPU
		Release|Any CPU = Release|Any CPU
	EndGlobalSection
	GlobalSection(ProjectConfigurationPlatforms) = postSolution
		{5BEF735E-B578-47CC-AD2C-AF8F11751223}.Debug|Any CPU.ActiveCfg = Debug|Any CPU
		{5BEF735E-B578-47CC-AD2C-AF8F11751223}.Debug|Any CPU.Build.0 = Debug|Any CPU
		{5BEF735E-B578-47CC-AD2C-AF8F11751223}.Release|Any CPU.ActiveCfg = Release|Any CPU
		{5BEF735E-B578-47CC-AD2C-AF8F11751223}.Release|Any CPU.Build.0 = Release|Any CPU
		{D281541C-261E-4173-802B-1B34553664C3}.Debug|Any CPU.ActiveCfg = Debug|Any CPU
		{D281541C-261E-4173-802B-1B34553664C3}.Debug|Any CPU.Build.0 = Debug|Any CPU
		{D281541C-261E-4173-802B-1B34553664C3}.Release|Any CPU.ActiveCfg = Release|Any CPU
		{D281541C-261E-4173-802B-1B34553664C3}.Release|Any CPU.Build.0 = Release|Any CPU
		{05A63005-841C-45B5-AA6C-3DE9D99F7C86}.Debug|Any CPU.ActiveCfg = Debug|Any CPU
		{05A63005-841C-45B5-AA6C-3DE9D99F7C86}.Debug|Any CPU.Build.0 = Debug|Any CPU
		{05A63005-841C-45B5-AA6C-3DE9D99F7C86}.Release|Any CPU.ActiveCfg = Release|Any CPU
		{05A63005-841C-45B5-AA6C-3DE9D99F7C86}.Release|Any CPU.Build.0 = Release|Any CPU
		{009BAFD1-A319-4946-9BF9-53021B9D39A9}.Debug|Any CPU.ActiveCfg = Debug|Any CPU
		{009BAFD1-A319-4946-9BF9-53021B9D39A9}.Debug|Any CPU.Build.0 = Debug|Any CPU
		{009BAFD1-A319-4946-9BF9-53021B9D39A9}.Release|Any CPU.ActiveCfg = Release|Any CPU
		{009BAFD1-A319-4946-9BF9-53021B9D39A9}.Release|Any CPU.Build.0 = Release|Any CPU
		{9C5D5408-B7A1-4508-BDBE-7BC1B1AC89E4}.Debug|Any CPU.ActiveCfg = Debug|Any CPU
		{9C5D5408-B7A1-4508-BDBE-7BC1B1AC89E4}.Debug|Any CPU.Build.0 = Debug|Any CPU
		{9C5D5408-B7A1-4508-BDBE-7BC1B1AC89E4}.Release|Any CPU.ActiveCfg = Release|Any CPU
		{9C5D5408-B7A1-4508-BDBE-7BC1B1AC89E4}.Release|Any CPU.Build.0 = Release|Any CPU
		{6D36DB13-51A8-4E40-BE32-97A3403D3F31}.Debug|Any CPU.ActiveCfg = Debug|Any CPU
		{6D36DB13-51A8-4E40-BE32-97A3403D3F31}.Debug|Any CPU.Build.0 = Debug|Any CPU
		{6D36DB13-51A8-4E40-BE32-97A3403D3F31}.Release|Any CPU.ActiveCfg = Release|Any CPU
		{6D36DB13-51A8-4E40-BE32-97A3403D3F31}.Release|Any CPU.Build.0 = Release|Any CPU
		{A0590AE0-A2F4-45F1-94B9-31C45311372E}.Debug|Any CPU.ActiveCfg = Debug|Any CPU
		{A0590AE0-A2F4-45F1-94B9-31C45311372E}.Debug|Any CPU.Build.0 = Debug|Any CPU
		{A0590AE0-A2F4-45F1-94B9-31C45311372E}.Release|Any CPU.ActiveCfg = Release|Any CPU
		{A0590AE0-A2F4-45F1-94B9-31C45311372E}.Release|Any CPU.Build.0 = Release|Any CPU
		{F29D8F40-528D-462E-A3FA-08491E721D04}.Debug|Any CPU.ActiveCfg = Debug|Any CPU
		{F29D8F40-528D-462E-A3FA-08491E721D04}.Debug|Any CPU.Build.0 = Debug|Any CPU
		{F29D8F40-528D-462E-A3FA-08491E721D04}.Release|Any CPU.ActiveCfg = Release|Any CPU
		{F29D8F40-528D-462E-A3FA-08491E721D04}.Release|Any CPU.Build.0 = Release|Any CPU
		{F681262F-5BF7-4089-BF8F-3BDA33CEFDCA}.Debug|Any CPU.ActiveCfg = Debug|Any CPU
		{F681262F-5BF7-4089-BF8F-3BDA33CEFDCA}.Debug|Any CPU.Build.0 = Debug|Any CPU
		{F681262F-5BF7-4089-BF8F-3BDA33CEFDCA}.Release|Any CPU.ActiveCfg = Release|Any CPU
		{F681262F-5BF7-4089-BF8F-3BDA33CEFDCA}.Release|Any CPU.Build.0 = Release|Any CPU
		{F8F0DF85-D92B-49CE-BA96-3BC0F742D849}.Debug|Any CPU.ActiveCfg = Debug|Any CPU
		{F8F0DF85-D92B-49CE-BA96-3BC0F742D849}.Debug|Any CPU.Build.0 = Debug|Any CPU
		{F8F0DF85-D92B-49CE-BA96-3BC0F742D849}.Release|Any CPU.ActiveCfg = Release|Any CPU
		{F8F0DF85-D92B-49CE-BA96-3BC0F742D849}.Release|Any CPU.Build.0 = Release|Any CPU
		{B33486D8-8FF5-421E-A350-3D7CB0E005EB}.Debug|Any CPU.ActiveCfg = Debug|Any CPU
		{B33486D8-8FF5-421E-A350-3D7CB0E005EB}.Debug|Any CPU.Build.0 = Debug|Any CPU
		{B33486D8-8FF5-421E-A350-3D7CB0E005EB}.Release|Any CPU.ActiveCfg = Release|Any CPU
		{B33486D8-8FF5-421E-A350-3D7CB0E005EB}.Release|Any CPU.Build.0 = Release|Any CPU
		{58BF937E-F31F-4C93-813D-CB5AB0C62E11}.Debug|Any CPU.ActiveCfg = Debug|Any CPU
		{58BF937E-F31F-4C93-813D-CB5AB0C62E11}.Debug|Any CPU.Build.0 = Debug|Any CPU
		{58BF937E-F31F-4C93-813D-CB5AB0C62E11}.Release|Any CPU.ActiveCfg = Release|Any CPU
		{58BF937E-F31F-4C93-813D-CB5AB0C62E11}.Release|Any CPU.Build.0 = Release|Any CPU
		{D5D7C0AE-AEC8-4B3F-A9C6-6707DDB6B234}.Debug|Any CPU.ActiveCfg = Debug|Any CPU
		{D5D7C0AE-AEC8-4B3F-A9C6-6707DDB6B234}.Debug|Any CPU.Build.0 = Debug|Any CPU
		{D5D7C0AE-AEC8-4B3F-A9C6-6707DDB6B234}.Release|Any CPU.ActiveCfg = Release|Any CPU
		{D5D7C0AE-AEC8-4B3F-A9C6-6707DDB6B234}.Release|Any CPU.Build.0 = Release|Any CPU
		{A5E27369-F3F8-4DA5-B010-172648A6ACD0}.Debug|Any CPU.ActiveCfg = Debug|Any CPU
		{A5E27369-F3F8-4DA5-B010-172648A6ACD0}.Debug|Any CPU.Build.0 = Debug|Any CPU
		{A5E27369-F3F8-4DA5-B010-172648A6ACD0}.Release|Any CPU.ActiveCfg = Release|Any CPU
		{A5E27369-F3F8-4DA5-B010-172648A6ACD0}.Release|Any CPU.Build.0 = Release|Any CPU
		{4474D4E4-B58F-4E1C-BA13-1332F3D78749}.Debug|Any CPU.ActiveCfg = Debug|Any CPU
		{4474D4E4-B58F-4E1C-BA13-1332F3D78749}.Debug|Any CPU.Build.0 = Debug|Any CPU
		{4474D4E4-B58F-4E1C-BA13-1332F3D78749}.Release|Any CPU.ActiveCfg = Release|Any CPU
		{4474D4E4-B58F-4E1C-BA13-1332F3D78749}.Release|Any CPU.Build.0 = Release|Any CPU
	EndGlobalSection
	GlobalSection(SolutionProperties) = preSolution
		HideSolutionNode = FALSE
	EndGlobalSection
	GlobalSection(NestedProjects) = preSolution
		{5BEF735E-B578-47CC-AD2C-AF8F11751223} = {BD46074E-1008-4760-AD03-A71E69FAF3A0}
		{D281541C-261E-4173-802B-1B34553664C3} = {BD46074E-1008-4760-AD03-A71E69FAF3A0}
		{05A63005-841C-45B5-AA6C-3DE9D99F7C86} = {BD46074E-1008-4760-AD03-A71E69FAF3A0}
		{009BAFD1-A319-4946-9BF9-53021B9D39A9} = {BD46074E-1008-4760-AD03-A71E69FAF3A0}
		{9C5D5408-B7A1-4508-BDBE-7BC1B1AC89E4} = {7C88B8B2-EAA2-474B-9FEC-A08B092104CF}
		{6D36DB13-51A8-4E40-BE32-97A3403D3F31} = {932AC534-7362-4881-889F-F253DF14D5E4}
		{A0590AE0-A2F4-45F1-94B9-31C45311372E} = {06BFD3B8-A6C5-4F42-B087-3AEE7685D409}
		{F29D8F40-528D-462E-A3FA-08491E721D04} = {06BFD3B8-A6C5-4F42-B087-3AEE7685D409}
		{F681262F-5BF7-4089-BF8F-3BDA33CEFDCA} = {06BFD3B8-A6C5-4F42-B087-3AEE7685D409}
		{F8F0DF85-D92B-49CE-BA96-3BC0F742D849} = {06BFD3B8-A6C5-4F42-B087-3AEE7685D409}
		{58BF937E-F31F-4C93-813D-CB5AB0C62E11} = {639948F3-E54D-4303-BFEF-98A810B6FF2E}
		{D5D7C0AE-AEC8-4B3F-A9C6-6707DDB6B234} = {639948F3-E54D-4303-BFEF-98A810B6FF2E}
		{A5E27369-F3F8-4DA5-B010-172648A6ACD0} = {639948F3-E54D-4303-BFEF-98A810B6FF2E}
		{4474D4E4-B58F-4E1C-BA13-1332F3D78749} = {639948F3-E54D-4303-BFEF-98A810B6FF2E}
	EndGlobalSection
	GlobalSection(ExtensibilityGlobals) = postSolution
		SolutionGuid = {F1AC214C-52DD-47E3-A447-C93EA4C7A54F}
	EndGlobalSection
EndGlobal
